
Microsoft Visual Studio Solution File, Format Version 12.00
# Visual Studio 15
Project("{FAE04EC0-301F-11D3-BF4B-00C04F79EFBC}") = "Practice1NUnit", "Practice1NUnit\Practice1NUnit.csproj", "{386122CD-6B50-439A-8FF4-FE955F2DDB20}"
EndProject
Global
	GlobalSection(SolutionConfigurationPlatforms) = preSolution
		Debug|anycpu = Debug|anycpu
		Release|anycpu = Release|anycpu
	EndGlobalSection
	GlobalSection(ProjectConfigurationPlatforms) = postSolution
		{386122CD-6B50-439A-8FF4-FE955F2DDB20}.Debug|anycpu.ActiveCfg = Debug|anycpu
		{386122CD-6B50-439A-8FF4-FE955F2DDB20}.Debug|anycpu.Build.0 = Debug|anycpu
		{386122CD-6B50-439A-8FF4-FE955F2DDB20}.Release|anycpu.ActiveCfg = Release|anycpu
		{386122CD-6B50-439A-8FF4-FE955F2DDB20}.Release|anycpu.Build.0 = Release|anycpu
	EndGlobalSection
EndGlobal
